// !$*UTF8*$!
{
	archiveVersion = 1;
	classes = {
	};
	objectVersion = 46;
	objects = {

/* Begin PBXBuildFile section */
		106BED341DB5FF9A00683D8C /* main.m in Sources */ = {isa = PBXBuildFile; fileRef = 106BED331DB5FF9A00683D8C /* main.m */; };
		106BED371DB5FF9A00683D8C /* AppDelegate.m in Sources */ = {isa = PBXBuildFile; fileRef = 106BED361DB5FF9A00683D8C /* AppDelegate.m */; };
		106BED3A1DB5FF9A00683D8C /* ViewController.m in Sources */ = {isa = PBXBuildFile; fileRef = 106BED391DB5FF9A00683D8C /* ViewController.m */; };
		106BED3D1DB5FF9A00683D8C /* Main.storyboard in Resources */ = {isa = PBXBuildFile; fileRef = 106BED3B1DB5FF9A00683D8C /* Main.storyboard */; };
		106BED3F1DB5FF9A00683D8C /* Assets.xcassets in Resources */ = {isa = PBXBuildFile; fileRef = 106BED3E1DB5FF9A00683D8C /* Assets.xcassets */; };
		106BED421DB5FF9A00683D8C /* LaunchScreen.storyboard in Resources */ = {isa = PBXBuildFile; fileRef = 106BED401DB5FF9A00683D8C /* LaunchScreen.storyboard */; };
		106BED4D1DB5FF9A00683D8C /* BlockDemoTests.m in Sources */ = {isa = PBXBuildFile; fileRef = 106BED4C1DB5FF9A00683D8C /* BlockDemoTests.m */; };
		106BED581DB5FF9A00683D8C /* BlockDemoUITests.m in Sources */ = {isa = PBXBuildFile; fileRef = 106BED571DB5FF9A00683D8C /* BlockDemoUITests.m */; };
		106BED691DB5FFEF00683D8C /* ZYYBankNameViewController.m in Sources */ = {isa = PBXBuildFile; fileRef = 106BED661DB5FFEF00683D8C /* ZYYBankNameViewController.m */; };
		106BED6A1DB5FFEF00683D8C /* ZYYTestBlockViewController.m in Sources */ = {isa = PBXBuildFile; fileRef = 106BED681DB5FFEF00683D8C /* ZYYTestBlockViewController.m */; };
/* End PBXBuildFile section */

/* Begin PBXContainerItemProxy section */
		106BED491DB5FF9A00683D8C /* PBXContainerItemProxy */ = {
			isa = PBXContainerItemProxy;
			containerPortal = 106BED271DB5FF9A00683D8C /* Project object */;
			proxyType = 1;
			remoteGlobalIDString = 106BED2E1DB5FF9A00683D8C;
			remoteInfo = BlockDemo;
		};
		106BED541DB5FF9A00683D8C /* PBXContainerItemProxy */ = {
			isa = PBXContainerItemProxy;
			containerPortal = 106BED271DB5FF9A00683D8C /* Project object */;
			proxyType = 1;
			remoteGlobalIDString = 106BED2E1DB5FF9A00683D8C;
			remoteInfo = BlockDemo;
		};
/* End PBXContainerItemProxy section */

/* Begin PBXFileReference section */
		106BED2F1DB5FF9A00683D8C /* BlockDemo.app */ = {isa = PBXFileReference; explicitFileType = wrapper.application; includeInIndex = 0; path = BlockDemo.app; sourceTree = BUILT_PRODUCTS_DIR; };
		106BED331DB5FF9A00683D8C /* main.m */ = {isa = PBXFileReference; lastKnownFileType = sourcecode.c.objc; path = main.m; sourceTree = "<group>"; };
		106BED351DB5FF9A00683D8C /* AppDelegate.h */ = {isa = PBXFileReference; lastKnownFileType = sourcecode.c.h; path = AppDelegate.h; sourceTree = "<group>"; };
		106BED361DB5FF9A00683D8C /* AppDelegate.m */ = {isa = PBXFileReference; lastKnownFileType = sourcecode.c.objc; path = AppDelegate.m; sourceTree = "<group>"; };
		106BED381DB5FF9A00683D8C /* ViewController.h */ = {isa = PBXFileReference; lastKnownFileType = sourcecode.c.h; path = ViewController.h; sourceTree = "<group>"; };
		106BED391DB5FF9A00683D8C /* ViewController.m */ = {isa = PBXFileReference; lastKnownFileType = sourcecode.c.objc; path = ViewController.m; sourceTree = "<group>"; };
		106BED3C1DB5FF9A00683D8C /* Base */ = {isa = PBXFileReference; lastKnownFileType = file.storyboard; name = Base; path = Base.lproj/Main.storyboard; sourceTree = "<group>"; };
		106BED3E1DB5FF9A00683D8C /* Assets.xcassets */ = {isa = PBXFileReference; lastKnownFileType = folder.assetcatalog; path = Assets.xcassets; sourceTree = "<group>"; };
		106BED411DB5FF9A00683D8C /* Base */ = {isa = PBXFileReference; lastKnownFileType = file.storyboard; name = Base; path = Base.lproj/LaunchScreen.storyboard; sourceTree = "<group>"; };
		106BED431DB5FF9A00683D8C /* Info.plist */ = {isa = PBXFileReference; lastKnownFileType = text.plist.xml; path = Info.plist; sourceTree = "<group>"; };
		106BED481DB5FF9A00683D8C /* BlockDemoTests.xctest */ = {isa = PBXFileReference; explicitFileType = wrapper.cfbundle; includeInIndex = 0; path = BlockDemoTests.xctest; sourceTree = BUILT_PRODUCTS_DIR; };
		106BED4C1DB5FF9A00683D8C /* BlockDemoTests.m */ = {isa = PBXFileReference; lastKnownFileType = sourcecode.c.objc; path = BlockDemoTests.m; sourceTree = "<group>"; };
		106BED4E1DB5FF9A00683D8C /* Info.plist */ = {isa = PBXFileReference; lastKnownFileType = text.plist.xml; path = Info.plist; sourceTree = "<group>"; };
		106BED531DB5FF9A00683D8C /* BlockDemoUITests.xctest */ = {isa = PBXFileReference; explicitFileType = wrapper.cfbundle; includeInIndex = 0; path = BlockDemoUITests.xctest; sourceTree = BUILT_PRODUCTS_DIR; };
		106BED571DB5FF9A00683D8C /* BlockDemoUITests.m */ = {isa = PBXFileReference; lastKnownFileType = sourcecode.c.objc; path = BlockDemoUITests.m; sourceTree = "<group>"; };
		106BED591DB5FF9A00683D8C /* Info.plist */ = {isa = PBXFileReference; lastKnownFileType = text.plist.xml; path = Info.plist; sourceTree = "<group>"; };
		106BED651DB5FFEF00683D8C /* ZYYBankNameViewController.h */ = {isa = PBXFileReference; fileEncoding = 4; lastKnownFileType = sourcecode.c.h; path = ZYYBankNameViewController.h; sourceTree = "<group>"; };
		106BED661DB5FFEF00683D8C /* ZYYBankNameViewController.m */ = {isa = PBXFileReference; fileEncoding = 4; lastKnownFileType = sourcecode.c.objc; path = ZYYBankNameViewController.m; sourceTree = "<group>"; };
		106BED671DB5FFEF00683D8C /* ZYYTestBlockViewController.h */ = {isa = PBXFileReference; fileEncoding = 4; lastKnownFileType = sourcecode.c.h; path = ZYYTestBlockViewController.h; sourceTree = "<group>"; };
		106BED681DB5FFEF00683D8C /* ZYYTestBlockViewController.m */ = {isa = PBXFileReference; fileEncoding = 4; lastKnownFileType = sourcecode.c.objc; path = ZYYTestBlockViewController.m; sourceTree = "<group>"; };
/* End PBXFileReference section */

/* Begin PBXFrameworksBuildPhase section */
		106BED2C1DB5FF9A00683D8C /* Frameworks */ = {
			isa = PBXFrameworksBuildPhase;
			buildActionMask = 2147483647;
			files = (
			);
			runOnlyForDeploymentPostprocessing = 0;
		};
		106BED451DB5FF9A00683D8C /* Frameworks */ = {
			isa = PBXFrameworksBuildPhase;
			buildActionMask = 2147483647;
			files = (
			);
			runOnlyForDeploymentPostprocessing = 0;
		};
		106BED501DB5FF9A00683D8C /* Frameworks */ = {
			isa = PBXFrameworksBuildPhase;
			buildActionMask = 2147483647;
			files = (
			);
			runOnlyForDeploymentPostprocessing = 0;
		};
/* End PBXFrameworksBuildPhase section */

/* Begin PBXGroup section */
		106BED261DB5FF9A00683D8C = {
			isa = PBXGroup;
			children = (
				106BED311DB5FF9A00683D8C /* BlockDemo */,
				106BED4B1DB5FF9A00683D8C /* BlockDemoTests */,
				106BED561DB5FF9A00683D8C /* BlockDemoUITests */,
				106BED301DB5FF9A00683D8C /* Products */,
			);
			sourceTree = "<group>";
		};
		106BED301DB5FF9A00683D8C /* Products */ = {
			isa = PBXGroup;
			children = (
				106BED2F1DB5FF9A00683D8C /* BlockDemo.app */,
				106BED481DB5FF9A00683D8C /* BlockDemoTests.xctest */,
				106BED531DB5FF9A00683D8C /* BlockDemoUITests.xctest */,
			);
			name = Products;
			sourceTree = "<group>";
		};
		106BED311DB5FF9A00683D8C /* BlockDemo */ = {
			isa = PBXGroup;
			children = (
				106BED351DB5FF9A00683D8C /* AppDelegate.h */,
				106BED361DB5FF9A00683D8C /* AppDelegate.m */,
				106BED381DB5FF9A00683D8C /* ViewController.h */,
				106BED391DB5FF9A00683D8C /* ViewController.m */,
				106BED671DB5FFEF00683D8C /* ZYYTestBlockViewController.h */,
				106BED681DB5FFEF00683D8C /* ZYYTestBlockViewController.m */,
				106BED651DB5FFEF00683D8C /* ZYYBankNameViewController.h */,
				106BED661DB5FFEF00683D8C /* ZYYBankNameViewController.m */,
				106BED3B1DB5FF9A00683D8C /* Main.storyboard */,
				106BED3E1DB5FF9A00683D8C /* Assets.xcassets */,
				106BED401DB5FF9A00683D8C /* LaunchScreen.storyboard */,
				106BED431DB5FF9A00683D8C /* Info.plist */,
				106BED321DB5FF9A00683D8C /* Supporting Files */,
			);
			path = BlockDemo;
			sourceTree = "<group>";
		};
		106BED321DB5FF9A00683D8C /* Supporting Files */ = {
			isa = PBXGroup;
			children = (
				106BED331DB5FF9A00683D8C /* main.m */,
			);
			name = "Supporting Files";
			sourceTree = "<group>";
		};
		106BED4B1DB5FF9A00683D8C /* BlockDemoTests */ = {
			isa = PBXGroup;
			children = (
				106BED4C1DB5FF9A00683D8C /* BlockDemoTests.m */,
				106BED4E1DB5FF9A00683D8C /* Info.plist */,
			);
			path = BlockDemoTests;
			sourceTree = "<group>";
		};
		106BED561DB5FF9A00683D8C /* BlockDemoUITests */ = {
			isa = PBXGroup;
			children = (
				106BED571DB5FF9A00683D8C /* BlockDemoUITests.m */,
				106BED591DB5FF9A00683D8C /* Info.plist */,
			);
			path = BlockDemoUITests;
			sourceTree = "<group>";
		};
/* End PBXGroup section */

/* Begin PBXNativeTarget section */
		106BED2E1DB5FF9A00683D8C /* BlockDemo */ = {
			isa = PBXNativeTarget;
			buildConfigurationList = 106BED5C1DB5FF9A00683D8C /* Build configuration list for PBXNativeTarget "BlockDemo" */;
			buildPhases = (
				106BED2B1DB5FF9A00683D8C /* Sources */,
				106BED2C1DB5FF9A00683D8C /* Frameworks */,
				106BED2D1DB5FF9A00683D8C /* Resources */,
			);
			buildRules = (
			);
			dependencies = (
			);
			name = BlockDemo;
			productName = BlockDemo;
			productReference = 106BED2F1DB5FF9A00683D8C /* BlockDemo.app */;
			productType = "com.apple.product-type.application";
		};
		106BED471DB5FF9A00683D8C /* BlockDemoTests */ = {
			isa = PBXNativeTarget;
			buildConfigurationList = 106BED5F1DB5FF9A00683D8C /* Build configuration list for PBXNativeTarget "BlockDemoTests" */;
			buildPhases = (
				106BED441DB5FF9A00683D8C /* Sources */,
				106BED451DB5FF9A00683D8C /* Frameworks */,
				106BED461DB5FF9A00683D8C /* Resources */,
			);
			buildRules = (
			);
			dependencies = (
				106BED4A1DB5FF9A00683D8C /* PBXTargetDependency */,
			);
			name = BlockDemoTests;
			productName = BlockDemoTests;
			productReference = 106BED481DB5FF9A00683D8C /* BlockDemoTests.xctest */;
			productType = "com.apple.product-type.bundle.unit-test";
		};
		106BED521DB5FF9A00683D8C /* BlockDemoUITests */ = {
			isa = PBXNativeTarget;
			buildConfigurationList = 106BED621DB5FF9A00683D8C /* Build configuration list for PBXNativeTarget "BlockDemoUITests" */;
			buildPhases = (
				106BED4F1DB5FF9A00683D8C /* Sources */,
				106BED501DB5FF9A00683D8C /* Frameworks */,
				106BED511DB5FF9A00683D8C /* Resources */,
			);
			buildRules = (
			);
			dependencies = (
				106BED551DB5FF9A00683D8C /* PBXTargetDependency */,
			);
			name = BlockDemoUITests;
			productName = BlockDemoUITests;
			productReference = 106BED531DB5FF9A00683D8C /* BlockDemoUITests.xctest */;
			productType = "com.apple.product-type.bundle.ui-testing";
		};
/* End PBXNativeTarget section */

/* Begin PBXProject section */
		106BED271DB5FF9A00683D8C /* Project object */ = {
			isa = PBXProject;
			attributes = {
				LastUpgradeCheck = 0800;
				ORGANIZATIONNAME = Slience;
				TargetAttributes = {
					106BED2E1DB5FF9A00683D8C = {
						CreatedOnToolsVersion = 8.0;
						DevelopmentTeam = 4G3GS9D6JL;
						ProvisioningStyle = Automatic;
					};
					106BED471DB5FF9A00683D8C = {
						CreatedOnToolsVersion = 8.0;
						DevelopmentTeam = 4G3GS9D6JL;
						ProvisioningStyle = Automatic;
						TestTargetID = 106BED2E1DB5FF9A00683D8C;
					};
					106BED521DB5FF9A00683D8C = {
						CreatedOnToolsVersion = 8.0;
						DevelopmentTeam = 4G3GS9D6JL;
						ProvisioningStyle = Automatic;
						TestTargetID = 106BED2E1DB5FF9A00683D8C;
					};
				};
			};
			buildConfigurationList = 106BED2A1DB5FF9A00683D8C /* Build configuration list for PBXProject "BlockDemo" */;
			compatibilityVersion = "Xcode 3.2";
			developmentRegion = English;
			hasScannedForEncodings = 0;
			knownRegions = (
				en,
				Base,
			);
			mainGroup = 106BED261DB5FF9A00683D8C;
			productRefGroup = 106BED301DB5FF9A00683D8C /* Products */;
			projectDirPath = "";
			projectRoot = "";
			targets = (
				106BED2E1DB5FF9A00683D8C /* BlockDemo */,
				106BED471DB5FF9A00683D8C /* BlockDemoTests */,
				106BED521DB5FF9A00683D8C /* BlockDemoUITests */,
			);
		};
/* End PBXProject section */

/* Begin PBXResourcesBuildPhase section */
		106BED2D1DB5FF9A00683D8C /* Resources */ = {
			isa = PBXResourcesBuildPhase;
			buildActionMask = 2147483647;
			files = (
				106BED421DB5FF9A00683D8C /* LaunchScreen.storyboard in Resources */,
				106BED3F1DB5FF9A00683D8C /* Assets.xcassets in Resources */,
				106BED3D1DB5FF9A00683D8C /* Main.storyboard in Resources */,
			);
			runOnlyForDeploymentPostprocessing = 0;
		};
		106BED461DB5FF9A00683D8C /* Resources */ = {
			isa = PBXResourcesBuildPhase;
			buildActionMask = 2147483647;
			files = (
			);
			runOnlyForDeploymentPostprocessing = 0;
		};
		106BED511DB5FF9A00683D8C /* Resources */ = {
			isa = PBXResourcesBuildPhase;
			buildActionMask = 2147483647;
			files = (
			);
			runOnlyForDeploymentPostprocessing = 0;
		};
/* End PBXResourcesBuildPhase section */

/* Begin PBXSourcesBuildPhase section */
		106BED2B1DB5FF9A00683D8C /* Sources */ = {
			isa = PBXSourcesBuildPhase;
			buildActionMask = 2147483647;
			files = (
				106BED3A1DB5FF9A00683D8C /* ViewController.m in Sources */,
				106BED371DB5FF9A00683D8C /* AppDelegate.m in Sources */,
				106BED6A1DB5FFEF00683D8C /* ZYYTestBlockViewController.m in Sources */,
				106BED691DB5FFEF00683D8C /* ZYYBankNameViewController.m in Sources */,
				106BED341DB5FF9A00683D8C /* main.m in Sources */,
			);
			runOnlyForDeploymentPostprocessing = 0;
		};
		106BED441DB5FF9A00683D8C /* Sources */ = {
			isa = PBXSourcesBuildPhase;
			buildActionMask = 2147483647;
			files = (
				106BED4D1DB5FF9A00683D8C /* BlockDemoTests.m in Sources */,
			);
			runOnlyForDeploymentPostprocessing = 0;
		};
		106BED4F1DB5FF9A00683D8C /* Sources */ = {
			isa = PBXSourcesBuildPhase;
			buildActionMask = 2147483647;
			files = (
				106BED581DB5FF9A00683D8C /* BlockDemoUITests.m in Sources */,
			);
			runOnlyForDeploymentPostprocessing = 0;
		};
/* End PBXSourcesBuildPhase section */

/* Begin PBXTargetDependency section */
		106BED4A1DB5FF9A00683D8C /* PBXTargetDependency */ = {
			isa = PBXTargetDependency;
			target = 106BED2E1DB5FF9A00683D8C /* BlockDemo */;
			targetProxy = 106BED491DB5FF9A00683D8C /* PBXContainerItemProxy */;
		};
		106BED551DB5FF9A00683D8C /* PBXTargetDependency */ = {
			isa = PBXTargetDependency;
			target = 106BED2E1DB5FF9A00683D8C /* BlockDemo */;
			targetProxy = 106BED541DB5FF9A00683D8C /* PBXContainerItemProxy */;
		};
/* End PBXTargetDependency section */

/* Begin PBXVariantGroup section */
		106BED3B1DB5FF9A00683D8C /* Main.storyboard */ = {
			isa = PBXVariantGroup;
			children = (
				106BED3C1DB5FF9A00683D8C /* Base */,
			);
			name = Main.storyboard;
			sourceTree = "<group>";
		};
		106BED401DB5FF9A00683D8C /* LaunchScreen.storyboard */ = {
			isa = PBXVariantGroup;
			children = (
				106BED411DB5FF9A00683D8C /* Base */,
			);
			name = LaunchScreen.storyboard;
			sourceTree = "<group>";
		};
/* End PBXVariantGroup section */

/* Begin XCBuildConfiguration section */
		106BED5A1DB5FF9A00683D8C /* Debug */ = {
			isa = XCBuildConfiguration;
			buildSettings = {
				ALWAYS_SEARCH_USER_PATHS = NO;
				CLANG_ANALYZER_NONNULL = YES;
				CLANG_CXX_LANGUAGE_STANDARD = "gnu++0x";
				CLANG_CXX_LIBRARY = "libc++";
				CLANG_ENABLE_MODULES = YES;
				CLANG_ENABLE_OBJC_ARC = YES;
				CLANG_WARN_BOOL_CONVERSION = YES;
				CLANG_WARN_CONSTANT_CONVERSION = YES;
				CLANG_WARN_DIRECT_OBJC_ISA_USAGE = YES_ERROR;
				CLANG_WARN_DOCUMENTATION_COMMENTS = YES;
				CLANG_WARN_EMPTY_BODY = YES;
				CLANG_WARN_ENUM_CONVERSION = YES;
				CLANG_WARN_INFINITE_RECURSION = YES;
				CLANG_WARN_INT_CONVERSION = YES;
				CLANG_WARN_OBJC_ROOT_CLASS = YES_ERROR;
				CLANG_WARN_SUSPICIOUS_MOVES = YES;
				CLANG_WARN_UNREACHABLE_CODE = YES;
				CLANG_WARN__DUPLICATE_METHOD_MATCH = YES;
				"CODE_SIGN_IDENTITY[sdk=iphoneos*]" = "iPhone Developer";
				COPY_PHASE_STRIP = NO;
				DEBUG_INFORMATION_FORMAT = dwarf;
				ENABLE_STRICT_OBJC_MSGSEND = YES;
				ENABLE_TESTABILITY = YES;
				GCC_C_LANGUAGE_STANDARD = gnu99;
				GCC_DYNAMIC_NO_PIC = NO;
				GCC_NO_COMMON_BLOCKS = YES;
				GCC_OPTIMIZATION_LEVEL = 0;
				GCC_PREPROCESSOR_DEFINITIONS = (
					"DEBUG=1",
					"$(inherited)",
				);
				GCC_WARN_64_TO_32_BIT_CONVERSION = YES;
				GCC_WARN_ABOUT_RETURN_TYPE = YES_ERROR;
				GCC_WARN_UNDECLARED_SELECTOR = YES;
				GCC_WARN_UNINITIALIZED_AUTOS = YES_AGGRESSIVE;
				GCC_WARN_UNUSED_FUNCTION = YES;
				GCC_WARN_UNUSED_VARIABLE = YES;
				IPHONEOS_DEPLOYMENT_TARGET = 10.0;
				MTL_ENABLE_DEBUG_INFO = YES;
				ONLY_ACTIVE_ARCH = YES;
				SDKROOT = iphoneos;
			};
			name = Debug;
		};
		106BED5B1DB5FF9A00683D8C /* Release */ = {
			isa = XCBuildConfiguration;
			buildSettings = {
				ALWAYS_SEARCH_USER_PATHS = NO;
				CLANG_ANALYZER_NONNULL = YES;
				CLANG_CXX_LANGUAGE_STANDARD = "gnu++0x";
				CLANG_CXX_LIBRARY = "libc++";
				CLANG_ENABLE_MODULES = YES;
				CLANG_ENABLE_OBJC_ARC = YES;
				CLANG_WARN_BOOL_CONVERSION = YES;
				CLANG_WARN_CONSTANT_CONVERSION = YES;
				CLANG_WARN_DIRECT_OBJC_ISA_USAGE = YES_ERROR;
				CLANG_WARN_DOCUMENTATION_COMMENTS = YES;
				CLANG_WARN_EMPTY_BODY = YES;
				CLANG_WARN_ENUM_CONVERSION = YES;
				CLANG_WARN_INFINITE_RECURSION = YES;
				CLANG_WARN_INT_CONVERSION = YES;
				CLANG_WARN_OBJC_ROOT_CLASS = YES_ERROR;
				CLANG_WARN_SUSPICIOUS_MOVES = YES;
				CLANG_WARN_UNREACHABLE_CODE = YES;
				CLANG_WARN__DUPLICATE_METHOD_MATCH = YES;
				"CODE_SIGN_IDENTITY[sdk=iphoneos*]" = "iPhone Developer";
				COPY_PHASE_STRIP = NO;
				DEBUG_INFORMATION_FORMAT = "dwarf-with-dsym";
				ENABLE_NS_ASSERTIONS = NO;
				ENABLE_STRICT_OBJC_MSGSEND = YES;
				GCC_C_LANGUAGE_STANDARD = gnu99;
				GCC_NO_COMMON_BLOCKS = YES;
				GCC_WARN_64_TO_32_BIT_CONVERSION = YES;
				GCC_WARN_ABOUT_RETURN_TYPE = YES_ERROR;
				GCC_WARN_UNDECLARED_SELECTOR = YES;
				GCC_WARN_UNINITIALIZED_AUTOS = YES_AGGRESSIVE;
				GCC_WARN_UNUSED_FUNCTION = YES;
				GCC_WARN_UNUSED_VARIABLE = YES;
				IPHONEOS_DEPLOYMENT_TARGET = 10.0;
				MTL_ENABLE_DEBUG_INFO = NO;
				SDKROOT = iphoneos;
				VALIDATE_PRODUCT = YES;
			};
			name = Release;
		};
		106BED5D1DB5FF9A00683D8C /* Debug */ = {
			isa = XCBuildConfiguration;
			buildSettings = {
				ASSETCATALOG_COMPILER_APPICON_NAME = AppIcon;
				DEVELOPMENT_TEAM = 4G3GS9D6JL;
				INFOPLIST_FILE = BlockDemo/Info.plist;
				LD_RUNPATH_SEARCH_PATHS = "$(inherited) @executable_path/Frameworks";
				PRODUCT_BUNDLE_IDENTIFIER = zyy.BlockDemo;
				PRODUCT_NAME = "$(TARGET_NAME)";
			};
			name = Debug;
		};
		106BED5E1DB5FF9A00683D8C /* Release */ = {
			isa = XCBuildConfiguration;
			buildSettings = {
				ASSETCATALOG_COMPILER_APPICON_NAME = AppIcon;
				DEVELOPMENT_TEAM = 4G3GS9D6JL;
				INFOPLIST_FILE = BlockDemo/Info.plist;
				LD_RUNPATH_SEARCH_PATHS = "$(inherited) @executable_path/Frameworks";
				PRODUCT_BUNDLE_IDENTIFIER = zyy.BlockDemo;
				PRODUCT_NAME = "$(TARGET_NAME)";
			};
			name = Release;
		};
		106BED601DB5FF9A00683D8C /* Debug */ = {
			isa = XCBuildConfiguration;
			buildSettings = {
				BUNDLE_LOADER = "$(TEST_HOST)";
				DEVELOPMENT_TEAM = 4G3GS9D6JL;
				INFOPLIST_FILE = BlockDemoTests/Info.plist;
				LD_RUNPATH_SEARCH_PATHS = "$(inherited) @executable_path/Frameworks @loader_path/Frameworks";
				PRODUCT_BUNDLE_IDENTIFIER = zyy.BlockDemoTests;
				PRODUCT_NAME = "$(TARGET_NAME)";
				TEST_HOST = "$(BUILT_PRODUCTS_DIR)/BlockDemo.app/BlockDemo";
			};
			name = Debug;
		};
		106BED611DB5FF9A00683D8C /* Release */ = {
			isa = XCBuildConfiguration;
			buildSettings = {
				BUNDLE_LOADER = "$(TEST_HOST)";
				DEVELOPMENT_TEAM = 4G3GS9D6JL;
				INFOPLIST_FILE = BlockDemoTests/Info.plist;
				LD_RUNPATH_SEARCH_PATHS = "$(inherited) @executable_path/Frameworks @loader_path/Frameworks";
				PRODUCT_BUNDLE_IDENTIFIER = zyy.BlockDemoTests;
				PRODUCT_NAME = "$(TARGET_NAME)";
				TEST_HOST = "$(BUILT_PRODUCTS_DIR)/BlockDemo.app/BlockDemo";
			};
			name = Release;
		};
		106BED631DB5FF9A00683D8C /* Debug */ = {
			isa = XCBuildConfiguration;
			buildSettings = {
				DEVELOPMENT_TEAM = 4G3GS9D6JL;
				INFOPLIST_FILE = BlockDemoUITests/Info.plist;
				LD_RUNPATH_SEARCH_PATHS = "$(inherited) @executable_path/Frameworks @loader_path/Frameworks";
				PRODUCT_BUNDLE_IDENTIFIER = zyy.BlockDemoUITests;
				PRODUCT_NAME = "$(TARGET_NAME)";
				TEST_TARGET_NAME = BlockDemo;
			};
			name = Debug;
		};
		106BED641DB5FF9A00683D8C /* Release */ = {
			isa = XCBuildConfiguration;
			buildSettings = {
				DEVELOPMENT_TEAM = 4G3GS9D6JL;
				INFOPLIST_FILE = BlockDemoUITests/Info.plist;
				LD_RUNPATH_SEARCH_PATHS = "$(inherited) @executable_path/Frameworks @loader_path/Frameworks";
				PRODUCT_BUNDLE_IDENTIFIER = zyy.BlockDemoUITests;
				PRODUCT_NAME = "$(TARGET_NAME)";
				TEST_TARGET_NAME = BlockDemo;
			};
			name = Release;
		};
/* End XCBuildConfiguration section */

/* Begin XCConfigurationList section */
		106BED2A1DB5FF9A00683D8C /* Build configuration list for PBXProject "BlockDemo" */ = {
			isa = XCConfigurationList;
			buildConfigurations = (
				106BED5A1DB5FF9A00683D8C /* Debug */,
				106BED5B1DB5FF9A00683D8C /* Release */,
			);
			defaultConfigurationIsVisible = 0;
			defaultConfigurationName = Release;
		};
		106BED5C1DB5FF9A00683D8C /* Build configuration list for PBXNativeTarget "BlockDemo" */ = {
			isa = XCConfigurationList;
			buildConfigurations = (
				106BED5D1DB5FF9A00683D8C /* Debug */,
				106BED5E1DB5FF9A00683D8C /* Release */,
			);
			defaultConfigurationIsVisible = 0;
			defaultConfigurationName = Release;
		};
		106BED5F1DB5FF9A00683D8C /* Build configuration list for PBXNativeTarget "BlockDemoTests" */ = {
			isa = XCConfigurationList;
			buildConfigurations = (
				106BED601DB5FF9A00683D8C /* Debug */,
				106BED611DB5FF9A00683D8C /* Release */,
			);
			defaultConfigurationIsVisible = 0;
			defaultConfigurationName = Release;
		};
		106BED621DB5FF9A00683D8C /* Build configuration list for PBXNativeTarget "BlockDemoUITests" */ = {
			isa = XCConfigurationList;
			buildConfigurations = (
				106BED631DB5FF9A00683D8C /* Debug */,
				106BED641DB5FF9A00683D8C /* Release */,
			);
			defaultConfigurationIsVisible = 0;
			defaultConfigurationName = Release;
		};
/* End XCConfigurationList section */
	};
	rootObject = 106BED271DB5FF9A00683D8C /* Project object */;
}
